
Microsoft Visual Studio Solution File, Format Version 12.00
# Visual Studio Version 16
VisualStudioVersion = 16.0.31424.327
MinimumVisualStudioVersion = 10.0.40219.1
Project("{FAE04EC0-301F-11D3-BF4B-00C04F79EFBC}") = "Q_A_system", "Q_A_system.csproj", "{1B79AE0B-ECB2-4773-9F42-FC160C70227B}"
EndProject
Global
	GlobalSection(SolutionConfigurationPlatforms) = preSolution
		Debug|Any CPU = Debug|Any CPU
		Release|Any CPU = Release|Any CPU
	EndGlobalSection
	GlobalSection(ProjectConfigurationPlatforms) = postSolution
		{1B79AE0B-ECB2-4773-9F42-FC160C70227B}.Debug|Any CPU.ActiveCfg = Debug|Any CPU
		{1B79AE0B-ECB2-4773-9F42-FC160C70227B}.Debug|Any CPU.Build.0 = Debug|Any CPU
		{1B79AE0B-ECB2-4773-9F42-FC160C70227B}.Release|Any CPU.ActiveCfg = Release|Any CPU
		{1B79AE0B-ECB2-4773-9F42-FC160C70227B}.Release|Any CPU.Build.0 = Release|Any CPU
	EndGlobalSection
	GlobalSection(SolutionProperties) = preSolution
		HideSolutionNode = FALSE
	EndGlobalSection
	GlobalSection(ExtensibilityGlobals) = postSolution
		SolutionGuid = {28E2EF4A-A854-4824-97A7-7C240EEEAF3E}
	EndGlobalSection
EndGlobal
